// !$*UTF8*$!
{
	archiveVersion = 1;
	classes = {
	};
	objectVersion = 55;
	objects = {

/* Begin PBXBuildFile section */
		C523C14128E70D8900A41EC3 /* IBSTaskApp.swift in Sources */ = {isa = PBXBuildFile; fileRef = C523C14028E70D8900A41EC3 /* IBSTaskApp.swift */; };
		C523C14328E70D8900A41EC3 /* ContentView.swift in Sources */ = {isa = PBXBuildFile; fileRef = C523C14228E70D8900A41EC3 /* ContentView.swift */; };
		C523C14528E70D8C00A41EC3 /* Assets.xcassets in Resources */ = {isa = PBXBuildFile; fileRef = C523C14428E70D8C00A41EC3 /* Assets.xcassets */; };
		C523C14828E70D8C00A41EC3 /* Preview Assets.xcassets in Resources */ = {isa = PBXBuildFile; fileRef = C523C14728E70D8C00A41EC3 /* Preview Assets.xcassets */; };
		C523C15228E70D8D00A41EC3 /* IBSTaskTests.swift in Sources */ = {isa = PBXBuildFile; fileRef = C523C15128E70D8D00A41EC3 /* IBSTaskTests.swift */; };
		C523C15C28E70D8D00A41EC3 /* IBSTaskUITests.swift in Sources */ = {isa = PBXBuildFile; fileRef = C523C15B28E70D8D00A41EC3 /* IBSTaskUITests.swift */; };
		C523C15E28E70D8D00A41EC3 /* IBSTaskUITestsLaunchTests.swift in Sources */ = {isa = PBXBuildFile; fileRef = C523C15D28E70D8D00A41EC3 /* IBSTaskUITestsLaunchTests.swift */; };
		C523C16B28E71CDE00A41EC3 /* LoginView.swift in Sources */ = {isa = PBXBuildFile; fileRef = C523C16A28E71CDE00A41EC3 /* LoginView.swift */; };
		C523C16D28E98C9300A41EC3 /* LoginViewModel.swift in Sources */ = {isa = PBXBuildFile; fileRef = C523C16C28E98C9300A41EC3 /* LoginViewModel.swift */; };
		C523C16F28EAFB0F00A41EC3 /* ShakeEffect.swift in Sources */ = {isa = PBXBuildFile; fileRef = C523C16E28EAFB0F00A41EC3 /* ShakeEffect.swift */; };
		C575BCE728EC25B600C5B822 /* HomeView.swift in Sources */ = {isa = PBXBuildFile; fileRef = C575BCE628EC25B600C5B822 /* HomeView.swift */; };
		C575BCE928ED9FBA00C5B822 /* APIService.swift in Sources */ = {isa = PBXBuildFile; fileRef = C575BCE828ED9FBA00C5B822 /* APIService.swift */; };
		C575BCEE28EDA10600C5B822 /* UserModel.swift in Sources */ = {isa = PBXBuildFile; fileRef = C575BCED28EDA10600C5B822 /* UserModel.swift */; };
		C575BCF128EDA20100C5B822 /* UserViewModel.swift in Sources */ = {isa = PBXBuildFile; fileRef = C575BCF028EDA20000C5B822 /* UserViewModel.swift */; };
		C575BD3928F2A99E00C5B822 /* EntryField.swift in Sources */ = {isa = PBXBuildFile; fileRef = C575BD3828F2A99E00C5B822 /* EntryField.swift */; };
		C575BD3C28F2B0CE00C5B822 /* LoginError.swift in Sources */ = {isa = PBXBuildFile; fileRef = C575BD3B28F2B0CE00C5B822 /* LoginError.swift */; };
		C575BD3F28F2C53E00C5B822 /* String+Extension.swift in Sources */ = {isa = PBXBuildFile; fileRef = C575BD3E28F2C53E00C5B822 /* String+Extension.swift */; };
		C575BD4128F2C62A00C5B822 /* UIApplication+Extension.swift in Sources */ = {isa = PBXBuildFile; fileRef = C575BD4028F2C62A00C5B822 /* UIApplication+Extension.swift */; };
		C575BD4328F2C79A00C5B822 /* TextFieldModel.swift in Sources */ = {isa = PBXBuildFile; fileRef = C575BD4228F2C79A00C5B822 /* TextFieldModel.swift */; };
		C575BD4528F2C96D00C5B822 /* ApiError.swift in Sources */ = {isa = PBXBuildFile; fileRef = C575BD4428F2C96D00C5B822 /* ApiError.swift */; };
		C575BD4728F2CC0800C5B822 /* MockService.swift in Sources */ = {isa = PBXBuildFile; fileRef = C575BD4628F2CC0800C5B822 /* MockService.swift */; };
		C575BD4A28F4074A00C5B822 /* SDWebImageSwiftUI in Frameworks */ = {isa = PBXBuildFile; productRef = C575BD4928F4074A00C5B822 /* SDWebImageSwiftUI */; };
/* End PBXBuildFile section */

/* Begin PBXContainerItemProxy section */
		C523C14E28E70D8D00A41EC3 /* PBXContainerItemProxy */ = {
			isa = PBXContainerItemProxy;
			containerPortal = C523C13528E70D8900A41EC3 /* Project object */;
			proxyType = 1;
			remoteGlobalIDString = C523C13C28E70D8900A41EC3;
			remoteInfo = IBSTask;
		};
		C523C15828E70D8D00A41EC3 /* PBXContainerItemProxy */ = {
			isa = PBXContainerItemProxy;
			containerPortal = C523C13528E70D8900A41EC3 /* Project object */;
			proxyType = 1;
			remoteGlobalIDString = C523C13C28E70D8900A41EC3;
			remoteInfo = IBSTask;
		};
/* End PBXContainerItemProxy section */

/* Begin PBXFileReference section */
		C523C13D28E70D8900A41EC3 /* IBSTask.app */ = {isa = PBXFileReference; explicitFileType = wrapper.application; includeInIndex = 0; path = IBSTask.app; sourceTree = BUILT_PRODUCTS_DIR; };
		C523C14028E70D8900A41EC3 /* IBSTaskApp.swift */ = {isa = PBXFileReference; lastKnownFileType = sourcecode.swift; path = IBSTaskApp.swift; sourceTree = "<group>"; };
		C523C14228E70D8900A41EC3 /* ContentView.swift */ = {isa = PBXFileReference; lastKnownFileType = sourcecode.swift; path = ContentView.swift; sourceTree = "<group>"; };
		C523C14428E70D8C00A41EC3 /* Assets.xcassets */ = {isa = PBXFileReference; lastKnownFileType = folder.assetcatalog; path = Assets.xcassets; sourceTree = "<group>"; };
		C523C14728E70D8C00A41EC3 /* Preview Assets.xcassets */ = {isa = PBXFileReference; lastKnownFileType = folder.assetcatalog; path = "Preview Assets.xcassets"; sourceTree = "<group>"; };
		C523C14D28E70D8D00A41EC3 /* IBSTaskTests.xctest */ = {isa = PBXFileReference; explicitFileType = wrapper.cfbundle; includeInIndex = 0; path = IBSTaskTests.xctest; sourceTree = BUILT_PRODUCTS_DIR; };
		C523C15128E70D8D00A41EC3 /* IBSTaskTests.swift */ = {isa = PBXFileReference; lastKnownFileType = sourcecode.swift; path = IBSTaskTests.swift; sourceTree = "<group>"; };
		C523C15728E70D8D00A41EC3 /* IBSTaskUITests.xctest */ = {isa = PBXFileReference; explicitFileType = wrapper.cfbundle; includeInIndex = 0; path = IBSTaskUITests.xctest; sourceTree = BUILT_PRODUCTS_DIR; };
		C523C15B28E70D8D00A41EC3 /* IBSTaskUITests.swift */ = {isa = PBXFileReference; lastKnownFileType = sourcecode.swift; path = IBSTaskUITests.swift; sourceTree = "<group>"; };
		C523C15D28E70D8D00A41EC3 /* IBSTaskUITestsLaunchTests.swift */ = {isa = PBXFileReference; lastKnownFileType = sourcecode.swift; path = IBSTaskUITestsLaunchTests.swift; sourceTree = "<group>"; };
		C523C16A28E71CDE00A41EC3 /* LoginView.swift */ = {isa = PBXFileReference; lastKnownFileType = sourcecode.swift; path = LoginView.swift; sourceTree = "<group>"; };
		C523C16C28E98C9300A41EC3 /* LoginViewModel.swift */ = {isa = PBXFileReference; lastKnownFileType = sourcecode.swift; path = LoginViewModel.swift; sourceTree = "<group>"; };
		C523C16E28EAFB0F00A41EC3 /* ShakeEffect.swift */ = {isa = PBXFileReference; lastKnownFileType = sourcecode.swift; path = ShakeEffect.swift; sourceTree = "<group>"; };
		C575BCE628EC25B600C5B822 /* HomeView.swift */ = {isa = PBXFileReference; lastKnownFileType = sourcecode.swift; path = HomeView.swift; sourceTree = "<group>"; };
		C575BCE828ED9FBA00C5B822 /* APIService.swift */ = {isa = PBXFileReference; lastKnownFileType = sourcecode.swift; path = APIService.swift; sourceTree = "<group>"; };
		C575BCED28EDA10600C5B822 /* UserModel.swift */ = {isa = PBXFileReference; lastKnownFileType = sourcecode.swift; path = UserModel.swift; sourceTree = "<group>"; };
		C575BCF028EDA20000C5B822 /* UserViewModel.swift */ = {isa = PBXFileReference; lastKnownFileType = sourcecode.swift; path = UserViewModel.swift; sourceTree = "<group>"; };
		C575BD3828F2A99E00C5B822 /* EntryField.swift */ = {isa = PBXFileReference; lastKnownFileType = sourcecode.swift; path = EntryField.swift; sourceTree = "<group>"; };
		C575BD3B28F2B0CE00C5B822 /* LoginError.swift */ = {isa = PBXFileReference; lastKnownFileType = sourcecode.swift; path = LoginError.swift; sourceTree = "<group>"; };
		C575BD3E28F2C53E00C5B822 /* String+Extension.swift */ = {isa = PBXFileReference; lastKnownFileType = sourcecode.swift; path = "String+Extension.swift"; sourceTree = "<group>"; };
		C575BD4028F2C62A00C5B822 /* UIApplication+Extension.swift */ = {isa = PBXFileReference; lastKnownFileType = sourcecode.swift; path = "UIApplication+Extension.swift"; sourceTree = "<group>"; };
		C575BD4228F2C79A00C5B822 /* TextFieldModel.swift */ = {isa = PBXFileReference; lastKnownFileType = sourcecode.swift; path = TextFieldModel.swift; sourceTree = "<group>"; };
		C575BD4428F2C96D00C5B822 /* ApiError.swift */ = {isa = PBXFileReference; lastKnownFileType = sourcecode.swift; path = ApiError.swift; sourceTree = "<group>"; };
		C575BD4628F2CC0800C5B822 /* MockService.swift */ = {isa = PBXFileReference; lastKnownFileType = sourcecode.swift; path = MockService.swift; sourceTree = "<group>"; };
/* End PBXFileReference section */

/* Begin PBXFrameworksBuildPhase section */
		C523C13A28E70D8900A41EC3 /* Frameworks */ = {
			isa = PBXFrameworksBuildPhase;
			buildActionMask = 2147483647;
			files = (
				C575BD4A28F4074A00C5B822 /* SDWebImageSwiftUI in Frameworks */,
			);
			runOnlyForDeploymentPostprocessing = 0;
		};
		C523C14A28E70D8D00A41EC3 /* Frameworks */ = {
			isa = PBXFrameworksBuildPhase;
			buildActionMask = 2147483647;
			files = (
			);
			runOnlyForDeploymentPostprocessing = 0;
		};
		C523C15428E70D8D00A41EC3 /* Frameworks */ = {
			isa = PBXFrameworksBuildPhase;
			buildActionMask = 2147483647;
			files = (
			);
			runOnlyForDeploymentPostprocessing = 0;
		};
/* End PBXFrameworksBuildPhase section */

/* Begin PBXGroup section */
		C523C13428E70D8900A41EC3 = {
			isa = PBXGroup;
			children = (
				C523C13F28E70D8900A41EC3 /* IBSTask */,
				C523C15028E70D8D00A41EC3 /* IBSTaskTests */,
				C523C15A28E70D8D00A41EC3 /* IBSTaskUITests */,
				C523C13E28E70D8900A41EC3 /* Products */,
			);
			sourceTree = "<group>";
		};
		C523C13E28E70D8900A41EC3 /* Products */ = {
			isa = PBXGroup;
			children = (
				C523C13D28E70D8900A41EC3 /* IBSTask.app */,
				C523C14D28E70D8D00A41EC3 /* IBSTaskTests.xctest */,
				C523C15728E70D8D00A41EC3 /* IBSTaskUITests.xctest */,
			);
			name = Products;
			sourceTree = "<group>";
		};
		C523C13F28E70D8900A41EC3 /* IBSTask */ = {
			isa = PBXGroup;
			children = (
				C575BD3D28F2C52700C5B822 /* Extension */,
				C575BD3A28F2B0B900C5B822 /* CustomError */,
				C575BD3728F2A98100C5B822 /* Common */,
				C575BCEF28EDA1DF00C5B822 /* ViewModel */,
				C575BCEC28EDA0F200C5B822 /* Model */,
				C575BCEA28EDA0C100C5B822 /* NetworkService */,
				C523C14028E70D8900A41EC3 /* IBSTaskApp.swift */,
				C575BCEB28EDA0DD00C5B822 /* Views */,
				C523C16E28EAFB0F00A41EC3 /* ShakeEffect.swift */,
				C523C14428E70D8C00A41EC3 /* Assets.xcassets */,
				C523C14628E70D8C00A41EC3 /* Preview Content */,
			);
			path = IBSTask;
			sourceTree = "<group>";
		};
		C523C14628E70D8C00A41EC3 /* Preview Content */ = {
			isa = PBXGroup;
			children = (
				C523C14728E70D8C00A41EC3 /* Preview Assets.xcassets */,
			);
			path = "Preview Content";
			sourceTree = "<group>";
		};
		C523C15028E70D8D00A41EC3 /* IBSTaskTests */ = {
			isa = PBXGroup;
			children = (
				C523C15128E70D8D00A41EC3 /* IBSTaskTests.swift */,
			);
			path = IBSTaskTests;
			sourceTree = "<group>";
		};
		C523C15A28E70D8D00A41EC3 /* IBSTaskUITests */ = {
			isa = PBXGroup;
			children = (
				C523C15B28E70D8D00A41EC3 /* IBSTaskUITests.swift */,
				C523C15D28E70D8D00A41EC3 /* IBSTaskUITestsLaunchTests.swift */,
			);
			path = IBSTaskUITests;
			sourceTree = "<group>";
		};
		C575BCEA28EDA0C100C5B822 /* NetworkService */ = {
			isa = PBXGroup;
			children = (
				C575BCE828ED9FBA00C5B822 /* APIService.swift */,
				C575BD4628F2CC0800C5B822 /* MockService.swift */,
			);
			path = NetworkService;
			sourceTree = "<group>";
		};
		C575BCEB28EDA0DD00C5B822 /* Views */ = {
			isa = PBXGroup;
			children = (
				C523C14228E70D8900A41EC3 /* ContentView.swift */,
				C575BCE628EC25B600C5B822 /* HomeView.swift */,
				C523C16A28E71CDE00A41EC3 /* LoginView.swift */,
			);
			path = Views;
			sourceTree = "<group>";
		};
		C575BCEC28EDA0F200C5B822 /* Model */ = {
			isa = PBXGroup;
			children = (
				C575BCED28EDA10600C5B822 /* UserModel.swift */,
				C575BD4228F2C79A00C5B822 /* TextFieldModel.swift */,
			);
			path = Model;
			sourceTree = "<group>";
		};
		C575BCEF28EDA1DF00C5B822 /* ViewModel */ = {
			isa = PBXGroup;
			children = (
				C575BCF028EDA20000C5B822 /* UserViewModel.swift */,
				C523C16C28E98C9300A41EC3 /* LoginViewModel.swift */,
			);
			path = ViewModel;
			sourceTree = "<group>";
		};
		C575BD3728F2A98100C5B822 /* Common */ = {
			isa = PBXGroup;
			children = (
				C575BD3828F2A99E00C5B822 /* EntryField.swift */,
			);
			path = Common;
			sourceTree = "<group>";
		};
		C575BD3A28F2B0B900C5B822 /* CustomError */ = {
			isa = PBXGroup;
			children = (
				C575BD3B28F2B0CE00C5B822 /* LoginError.swift */,
				C575BD4428F2C96D00C5B822 /* ApiError.swift */,
			);
			path = CustomError;
			sourceTree = "<group>";
		};
		C575BD3D28F2C52700C5B822 /* Extension */ = {
			isa = PBXGroup;
			children = (
				C575BD3E28F2C53E00C5B822 /* String+Extension.swift */,
				C575BD4028F2C62A00C5B822 /* UIApplication+Extension.swift */,
			);
			path = Extension;
			sourceTree = "<group>";
		};
/* End PBXGroup section */

/* Begin PBXNativeTarget section */
		C523C13C28E70D8900A41EC3 /* IBSTask */ = {
			isa = PBXNativeTarget;
			buildConfigurationList = C523C16128E70D8D00A41EC3 /* Build configuration list for PBXNativeTarget "IBSTask" */;
			buildPhases = (
				C523C13928E70D8900A41EC3 /* Sources */,
				C523C13A28E70D8900A41EC3 /* Frameworks */,
				C523C13B28E70D8900A41EC3 /* Resources */,
			);
			buildRules = (
			);
			dependencies = (
			);
			name = IBSTask;
			packageProductDependencies = (
				C575BD4928F4074A00C5B822 /* SDWebImageSwiftUI */,
			);
			productName = IBSTask;
			productReference = C523C13D28E70D8900A41EC3 /* IBSTask.app */;
			productType = "com.apple.product-type.application";
		};
		C523C14C28E70D8D00A41EC3 /* IBSTaskTests */ = {
			isa = PBXNativeTarget;
			buildConfigurationList = C523C16428E70D8D00A41EC3 /* Build configuration list for PBXNativeTarget "IBSTaskTests" */;
			buildPhases = (
				C523C14928E70D8D00A41EC3 /* Sources */,
				C523C14A28E70D8D00A41EC3 /* Frameworks */,
				C523C14B28E70D8D00A41EC3 /* Resources */,
			);
			buildRules = (
			);
			dependencies = (
				C523C14F28E70D8D00A41EC3 /* PBXTargetDependency */,
			);
			name = IBSTaskTests;
			productName = IBSTaskTests;
			productReference = C523C14D28E70D8D00A41EC3 /* IBSTaskTests.xctest */;
			productType = "com.apple.product-type.bundle.unit-test";
		};
		C523C15628E70D8D00A41EC3 /* IBSTaskUITests */ = {
			isa = PBXNativeTarget;
			buildConfigurationList = C523C16728E70D8D00A41EC3 /* Build configuration list for PBXNativeTarget "IBSTaskUITests" */;
			buildPhases = (
				C523C15328E70D8D00A41EC3 /* Sources */,
				C523C15428E70D8D00A41EC3 /* Frameworks */,
				C523C15528E70D8D00A41EC3 /* Resources */,
			);
			buildRules = (
			);
			dependencies = (
				C523C15928E70D8D00A41EC3 /* PBXTargetDependency */,
			);
			name = IBSTaskUITests;
			productName = IBSTaskUITests;
			productReference = C523C15728E70D8D00A41EC3 /* IBSTaskUITests.xctest */;
			productType = "com.apple.product-type.bundle.ui-testing";
		};
/* End PBXNativeTarget section */

/* Begin PBXProject section */
		C523C13528E70D8900A41EC3 /* Project object */ = {
			isa = PBXProject;
			attributes = {
				BuildIndependentTargetsInParallel = 1;
				LastSwiftUpdateCheck = 1330;
				LastUpgradeCheck = 1330;
				TargetAttributes = {
					C523C13C28E70D8900A41EC3 = {
						CreatedOnToolsVersion = 13.3.1;
					};
					C523C14C28E70D8D00A41EC3 = {
						CreatedOnToolsVersion = 13.3.1;
						TestTargetID = C523C13C28E70D8900A41EC3;
					};
					C523C15628E70D8D00A41EC3 = {
						CreatedOnToolsVersion = 13.3.1;
						TestTargetID = C523C13C28E70D8900A41EC3;
					};
				};
			};
			buildConfigurationList = C523C13828E70D8900A41EC3 /* Build configuration list for PBXProject "IBSTask" */;
			compatibilityVersion = "Xcode 13.0";
			developmentRegion = en;
			hasScannedForEncodings = 0;
			knownRegions = (
				en,
				Base,
			);
			mainGroup = C523C13428E70D8900A41EC3;
			packageReferences = (
				C575BD4828F4074A00C5B822 /* XCRemoteSwiftPackageReference "SDWebImageSwiftUI" */,
			);
			productRefGroup = C523C13E28E70D8900A41EC3 /* Products */;
			projectDirPath = "";
			projectRoot = "";
			targets = (
				C523C13C28E70D8900A41EC3 /* IBSTask */,
				C523C14C28E70D8D00A41EC3 /* IBSTaskTests */,
				C523C15628E70D8D00A41EC3 /* IBSTaskUITests */,
			);
		};
/* End PBXProject section */

/* Begin PBXResourcesBuildPhase section */
		C523C13B28E70D8900A41EC3 /* Resources */ = {
			isa = PBXResourcesBuildPhase;
			buildActionMask = 2147483647;
			files = (
				C523C14828E70D8C00A41EC3 /* Preview Assets.xcassets in Resources */,
				C523C14528E70D8C00A41EC3 /* Assets.xcassets in Resources */,
			);
			runOnlyForDeploymentPostprocessing = 0;
		};
		C523C14B28E70D8D00A41EC3 /* Resources */ = {
			isa = PBXResourcesBuildPhase;
			buildActionMask = 2147483647;
			files = (
			);
			runOnlyForDeploymentPostprocessing = 0;
		};
		C523C15528E70D8D00A41EC3 /* Resources */ = {
			isa = PBXResourcesBuildPhase;
			buildActionMask = 2147483647;
			files = (
			);
			runOnlyForDeploymentPostprocessing = 0;
		};
/* End PBXResourcesBuildPhase section */

/* Begin PBXSourcesBuildPhase section */
		C523C13928E70D8900A41EC3 /* Sources */ = {
			isa = PBXSourcesBuildPhase;
			buildActionMask = 2147483647;
			files = (
				C523C16D28E98C9300A41EC3 /* LoginViewModel.swift in Sources */,
				C575BD3C28F2B0CE00C5B822 /* LoginError.swift in Sources */,
				C575BCE928ED9FBA00C5B822 /* APIService.swift in Sources */,
				C575BCEE28EDA10600C5B822 /* UserModel.swift in Sources */,
				C575BD3F28F2C53E00C5B822 /* String+Extension.swift in Sources */,
				C523C16B28E71CDE00A41EC3 /* LoginView.swift in Sources */,
				C523C14328E70D8900A41EC3 /* ContentView.swift in Sources */,
				C575BD4728F2CC0800C5B822 /* MockService.swift in Sources */,
				C575BD3928F2A99E00C5B822 /* EntryField.swift in Sources */,
				C575BD4528F2C96D00C5B822 /* ApiError.swift in Sources */,
				C575BCE728EC25B600C5B822 /* HomeView.swift in Sources */,
				C523C16F28EAFB0F00A41EC3 /* ShakeEffect.swift in Sources */,
				C575BCF128EDA20100C5B822 /* UserViewModel.swift in Sources */,
				C523C14128E70D8900A41EC3 /* IBSTaskApp.swift in Sources */,
				C575BD4128F2C62A00C5B822 /* UIApplication+Extension.swift in Sources */,
				C575BD4328F2C79A00C5B822 /* TextFieldModel.swift in Sources */,
			);
			runOnlyForDeploymentPostprocessing = 0;
		};
		C523C14928E70D8D00A41EC3 /* Sources */ = {
			isa = PBXSourcesBuildPhase;
			buildActionMask = 2147483647;
			files = (
				C523C15228E70D8D00A41EC3 /* IBSTaskTests.swift in Sources */,
			);
			runOnlyForDeploymentPostprocessing = 0;
		};
		C523C15328E70D8D00A41EC3 /* Sources */ = {
			isa = PBXSourcesBuildPhase;
			buildActionMask = 2147483647;
			files = (
				C523C15E28E70D8D00A41EC3 /* IBSTaskUITestsLaunchTests.swift in Sources */,
				C523C15C28E70D8D00A41EC3 /* IBSTaskUITests.swift in Sources */,
			);
			runOnlyForDeploymentPostprocessing = 0;
		};
/* End PBXSourcesBuildPhase section */

/* Begin PBXTargetDependency section */
		C523C14F28E70D8D00A41EC3 /* PBXTargetDependency */ = {
			isa = PBXTargetDependency;
			target = C523C13C28E70D8900A41EC3 /* IBSTask */;
			targetProxy = C523C14E28E70D8D00A41EC3 /* PBXContainerItemProxy */;
		};
		C523C15928E70D8D00A41EC3 /* PBXTargetDependency */ = {
			isa = PBXTargetDependency;
			target = C523C13C28E70D8900A41EC3 /* IBSTask */;
			targetProxy = C523C15828E70D8D00A41EC3 /* PBXContainerItemProxy */;
		};
/* End PBXTargetDependency section */

/* Begin XCBuildConfiguration section */
		C523C15F28E70D8D00A41EC3 /* Debug */ = {
			isa = XCBuildConfiguration;
			buildSettings = {
				ALWAYS_SEARCH_USER_PATHS = NO;
				CLANG_ANALYZER_NONNULL = YES;
				CLANG_ANALYZER_NUMBER_OBJECT_CONVERSION = YES_AGGRESSIVE;
				CLANG_CXX_LANGUAGE_STANDARD = "gnu++17";
				CLANG_ENABLE_MODULES = YES;
				CLANG_ENABLE_OBJC_ARC = YES;
				CLANG_ENABLE_OBJC_WEAK = YES;
				CLANG_WARN_BLOCK_CAPTURE_AUTORELEASING = YES;
				CLANG_WARN_BOOL_CONVERSION = YES;
				CLANG_WARN_COMMA = YES;
				CLANG_WARN_CONSTANT_CONVERSION = YES;
				CLANG_WARN_DEPRECATED_OBJC_IMPLEMENTATIONS = YES;
				CLANG_WARN_DIRECT_OBJC_ISA_USAGE = YES_ERROR;
				CLANG_WARN_DOCUMENTATION_COMMENTS = YES;
				CLANG_WARN_EMPTY_BODY = YES;
				CLANG_WARN_ENUM_CONVERSION = YES;
				CLANG_WARN_INFINITE_RECURSION = YES;
				CLANG_WARN_INT_CONVERSION = YES;
				CLANG_WARN_NON_LITERAL_NULL_CONVERSION = YES;
				CLANG_WARN_OBJC_IMPLICIT_RETAIN_SELF = YES;
				CLANG_WARN_OBJC_LITERAL_CONVERSION = YES;
				CLANG_WARN_OBJC_ROOT_CLASS = YES_ERROR;
				CLANG_WARN_QUOTED_INCLUDE_IN_FRAMEWORK_HEADER = YES;
				CLANG_WARN_RANGE_LOOP_ANALYSIS = YES;
				CLANG_WARN_STRICT_PROTOTYPES = YES;
				CLANG_WARN_SUSPICIOUS_MOVE = YES;
				CLANG_WARN_UNGUARDED_AVAILABILITY = YES_AGGRESSIVE;
				CLANG_WARN_UNREACHABLE_CODE = YES;
				CLANG_WARN__DUPLICATE_METHOD_MATCH = YES;
				COPY_PHASE_STRIP = NO;
				DEBUG_INFORMATION_FORMAT = dwarf;
				ENABLE_STRICT_OBJC_MSGSEND = YES;
				ENABLE_TESTABILITY = YES;
				GCC_C_LANGUAGE_STANDARD = gnu11;
				GCC_DYNAMIC_NO_PIC = NO;
				GCC_NO_COMMON_BLOCKS = YES;
				GCC_OPTIMIZATION_LEVEL = 0;
				GCC_PREPROCESSOR_DEFINITIONS = (
					"DEBUG=1",
					"$(inherited)",
				);
				GCC_WARN_64_TO_32_BIT_CONVERSION = YES;
				GCC_WARN_ABOUT_RETURN_TYPE = YES_ERROR;
				GCC_WARN_UNDECLARED_SELECTOR = YES;
				GCC_WARN_UNINITIALIZED_AUTOS = YES_AGGRESSIVE;
				GCC_WARN_UNUSED_FUNCTION = YES;
				GCC_WARN_UNUSED_VARIABLE = YES;
				IPHONEOS_DEPLOYMENT_TARGET = 15.4;
				MTL_ENABLE_DEBUG_INFO = INCLUDE_SOURCE;
				MTL_FAST_MATH = YES;
				ONLY_ACTIVE_ARCH = YES;
				SDKROOT = iphoneos;
				SWIFT_ACTIVE_COMPILATION_CONDITIONS = DEBUG;
				SWIFT_OPTIMIZATION_LEVEL = "-Onone";
			};
			name = Debug;
		};
		C523C16028E70D8D00A41EC3 /* Release */ = {
			isa = XCBuildConfiguration;
			buildSettings = {
				ALWAYS_SEARCH_USER_PATHS = NO;
				CLANG_ANALYZER_NONNULL = YES;
				CLANG_ANALYZER_NUMBER_OBJECT_CONVERSION = YES_AGGRESSIVE;
				CLANG_CXX_LANGUAGE_STANDARD = "gnu++17";
				CLANG_ENABLE_MODULES = YES;
				CLANG_ENABLE_OBJC_ARC = YES;
				CLANG_ENABLE_OBJC_WEAK = YES;
				CLANG_WARN_BLOCK_CAPTURE_AUTORELEASING = YES;
				CLANG_WARN_BOOL_CONVERSION = YES;
				CLANG_WARN_COMMA = YES;
				CLANG_WARN_CONSTANT_CONVERSION = YES;
				CLANG_WARN_DEPRECATED_OBJC_IMPLEMENTATIONS = YES;
				CLANG_WARN_DIRECT_OBJC_ISA_USAGE = YES_ERROR;
				CLANG_WARN_DOCUMENTATION_COMMENTS = YES;
				CLANG_WARN_EMPTY_BODY = YES;
				CLANG_WARN_ENUM_CONVERSION = YES;
				CLANG_WARN_INFINITE_RECURSION = YES;
				CLANG_WARN_INT_CONVERSION = YES;
				CLANG_WARN_NON_LITERAL_NULL_CONVERSION = YES;
				CLANG_WARN_OBJC_IMPLICIT_RETAIN_SELF = YES;
				CLANG_WARN_OBJC_LITERAL_CONVERSION = YES;
				CLANG_WARN_OBJC_ROOT_CLASS = YES_ERROR;
				CLANG_WARN_QUOTED_INCLUDE_IN_FRAMEWORK_HEADER = YES;
				CLANG_WARN_RANGE_LOOP_ANALYSIS = YES;
				CLANG_WARN_STRICT_PROTOTYPES = YES;
				CLANG_WARN_SUSPICIOUS_MOVE = YES;
				CLANG_WARN_UNGUARDED_AVAILABILITY = YES_AGGRESSIVE;
				CLANG_WARN_UNREACHABLE_CODE = YES;
				CLANG_WARN__DUPLICATE_METHOD_MATCH = YES;
				COPY_PHASE_STRIP = NO;
				DEBUG_INFORMATION_FORMAT = "dwarf-with-dsym";
				ENABLE_NS_ASSERTIONS = NO;
				ENABLE_STRICT_OBJC_MSGSEND = YES;
				GCC_C_LANGUAGE_STANDARD = gnu11;
				GCC_NO_COMMON_BLOCKS = YES;
				GCC_WARN_64_TO_32_BIT_CONVERSION = YES;
				GCC_WARN_ABOUT_RETURN_TYPE = YES_ERROR;
				GCC_WARN_UNDECLARED_SELECTOR = YES;
				GCC_WARN_UNINITIALIZED_AUTOS = YES_AGGRESSIVE;
				GCC_WARN_UNUSED_FUNCTION = YES;
				GCC_WARN_UNUSED_VARIABLE = YES;
				IPHONEOS_DEPLOYMENT_TARGET = 15.4;
				MTL_ENABLE_DEBUG_INFO = NO;
				MTL_FAST_MATH = YES;
				SDKROOT = iphoneos;
				SWIFT_COMPILATION_MODE = wholemodule;
				SWIFT_OPTIMIZATION_LEVEL = "-O";
				VALIDATE_PRODUCT = YES;
			};
			name = Release;
		};
		C523C16228E70D8D00A41EC3 /* Debug */ = {
			isa = XCBuildConfiguration;
			buildSettings = {
				ASSETCATALOG_COMPILER_APPICON_NAME = AppIcon;
				ASSETCATALOG_COMPILER_GLOBAL_ACCENT_COLOR_NAME = AccentColor;
				CODE_SIGN_STYLE = Automatic;
				CURRENT_PROJECT_VERSION = 1;
				DEVELOPMENT_ASSET_PATHS = "\"IBSTask/Preview Content\"";
				DEVELOPMENT_TEAM = ZPS3H473KB;
				ENABLE_PREVIEWS = YES;
				GENERATE_INFOPLIST_FILE = YES;
				INFOPLIST_KEY_UIApplicationSceneManifest_Generation = YES;
				INFOPLIST_KEY_UIApplicationSupportsIndirectInputEvents = YES;
				INFOPLIST_KEY_UILaunchScreen_Generation = YES;
				INFOPLIST_KEY_UISupportedInterfaceOrientations_iPad = "UIInterfaceOrientationPortrait UIInterfaceOrientationPortraitUpsideDown UIInterfaceOrientationLandscapeLeft UIInterfaceOrientationLandscapeRight";
				INFOPLIST_KEY_UISupportedInterfaceOrientations_iPhone = "UIInterfaceOrientationPortrait UIInterfaceOrientationLandscapeLeft UIInterfaceOrientationLandscapeRight";
				LD_RUNPATH_SEARCH_PATHS = (
					"$(inherited)",
					"@executable_path/Frameworks",
				);
				MARKETING_VERSION = 1.0;
				PRODUCT_BUNDLE_IDENTIFIER = brightSummit.co.IBSTask;
				PRODUCT_NAME = "$(TARGET_NAME)";
				SWIFT_EMIT_LOC_STRINGS = YES;
				SWIFT_VERSION = 5.0;
				TARGETED_DEVICE_FAMILY = "1,2";
			};
			name = Debug;
		};
		C523C16328E70D8D00A41EC3 /* Release */ = {
			isa = XCBuildConfiguration;
			buildSettings = {
				ASSETCATALOG_COMPILER_APPICON_NAME = AppIcon;
				ASSETCATALOG_COMPILER_GLOBAL_ACCENT_COLOR_NAME = AccentColor;
				CODE_SIGN_STYLE = Automatic;
				CURRENT_PROJECT_VERSION = 1;
				DEVELOPMENT_ASSET_PATHS = "\"IBSTask/Preview Content\"";
				DEVELOPMENT_TEAM = ZPS3H473KB;
				ENABLE_PREVIEWS = YES;
				GENERATE_INFOPLIST_FILE = YES;
				INFOPLIST_KEY_UIApplicationSceneManifest_Generation = YES;
				INFOPLIST_KEY_UIApplicationSupportsIndirectInputEvents = YES;
				INFOPLIST_KEY_UILaunchScreen_Generation = YES;
				INFOPLIST_KEY_UISupportedInterfaceOrientations_iPad = "UIInterfaceOrientationPortrait UIInterfaceOrientationPortraitUpsideDown UIInterfaceOrientationLandscapeLeft UIInterfaceOrientationLandscapeRight";
				INFOPLIST_KEY_UISupportedInterfaceOrientations_iPhone = "UIInterfaceOrientationPortrait UIInterfaceOrientationLandscapeLeft UIInterfaceOrientationLandscapeRight";
				LD_RUNPATH_SEARCH_PATHS = (
					"$(inherited)",
					"@executable_path/Frameworks",
				);
				MARKETING_VERSION = 1.0;
				PRODUCT_BUNDLE_IDENTIFIER = brightSummit.co.IBSTask;
				PRODUCT_NAME = "$(TARGET_NAME)";
				SWIFT_EMIT_LOC_STRINGS = YES;
				SWIFT_VERSION = 5.0;
				TARGETED_DEVICE_FAMILY = "1,2";
			};
			name = Release;
		};
		C523C16528E70D8D00A41EC3 /* Debug */ = {
			isa = XCBuildConfiguration;
			buildSettings = {
				ALWAYS_EMBED_SWIFT_STANDARD_LIBRARIES = YES;
				BUNDLE_LOADER = "$(TEST_HOST)";
				CODE_SIGN_STYLE = Automatic;
				CURRENT_PROJECT_VERSION = 1;
				DEVELOPMENT_TEAM = ZPS3H473KB;
				GENERATE_INFOPLIST_FILE = YES;
				IPHONEOS_DEPLOYMENT_TARGET = 15.4;
				MARKETING_VERSION = 1.0;
				PRODUCT_BUNDLE_IDENTIFIER = brightSummit.co.IBSTaskTests;
				PRODUCT_NAME = "$(TARGET_NAME)";
				SWIFT_EMIT_LOC_STRINGS = NO;
				SWIFT_VERSION = 5.0;
				TARGETED_DEVICE_FAMILY = "1,2";
				TEST_HOST = "$(BUILT_PRODUCTS_DIR)/IBSTask.app/IBSTask";
			};
			name = Debug;
		};
		C523C16628E70D8D00A41EC3 /* Release */ = {
			isa = XCBuildConfiguration;
			buildSettings = {
				ALWAYS_EMBED_SWIFT_STANDARD_LIBRARIES = YES;
				BUNDLE_LOADER = "$(TEST_HOST)";
				CODE_SIGN_STYLE = Automatic;
				CURRENT_PROJECT_VERSION = 1;
				DEVELOPMENT_TEAM = ZPS3H473KB;
				GENERATE_INFOPLIST_FILE = YES;
				IPHONEOS_DEPLOYMENT_TARGET = 15.4;
				MARKETING_VERSION = 1.0;
				PRODUCT_BUNDLE_IDENTIFIER = brightSummit.co.IBSTaskTests;
				PRODUCT_NAME = "$(TARGET_NAME)";
				SWIFT_EMIT_LOC_STRINGS = NO;
				SWIFT_VERSION = 5.0;
				TARGETED_DEVICE_FAMILY = "1,2";
				TEST_HOST = "$(BUILT_PRODUCTS_DIR)/IBSTask.app/IBSTask";
			};
			name = Release;
		};
		C523C16828E70D8D00A41EC3 /* Debug */ = {
			isa = XCBuildConfiguration;
			buildSettings = {
				ALWAYS_EMBED_SWIFT_STANDARD_LIBRARIES = YES;
				CODE_SIGN_STYLE = Automatic;
				CURRENT_PROJECT_VERSION = 1;
				DEVELOPMENT_TEAM = ZPS3H473KB;
				GENERATE_INFOPLIST_FILE = YES;
				MARKETING_VERSION = 1.0;
				PRODUCT_BUNDLE_IDENTIFIER = brightSummit.co.IBSTaskUITests;
				PRODUCT_NAME = "$(TARGET_NAME)";
				SWIFT_EMIT_LOC_STRINGS = NO;
				SWIFT_VERSION = 5.0;
				TARGETED_DEVICE_FAMILY = "1,2";
				TEST_TARGET_NAME = IBSTask;
			};
			name = Debug;
		};
		C523C16928E70D8D00A41EC3 /* Release */ = {
			isa = XCBuildConfiguration;
			buildSettings = {
				ALWAYS_EMBED_SWIFT_STANDARD_LIBRARIES = YES;
				CODE_SIGN_STYLE = Automatic;
				CURRENT_PROJECT_VERSION = 1;
				DEVELOPMENT_TEAM = ZPS3H473KB;
				GENERATE_INFOPLIST_FILE = YES;
				MARKETING_VERSION = 1.0;
				PRODUCT_BUNDLE_IDENTIFIER = brightSummit.co.IBSTaskUITests;
				PRODUCT_NAME = "$(TARGET_NAME)";
				SWIFT_EMIT_LOC_STRINGS = NO;
				SWIFT_VERSION = 5.0;
				TARGETED_DEVICE_FAMILY = "1,2";
				TEST_TARGET_NAME = IBSTask;
			};
			name = Release;
		};
/* End XCBuildConfiguration section */

/* Begin XCConfigurationList section */
		C523C13828E70D8900A41EC3 /* Build configuration list for PBXProject "IBSTask" */ = {
			isa = XCConfigurationList;
			buildConfigurations = (
				C523C15F28E70D8D00A41EC3 /* Debug */,
				C523C16028E70D8D00A41EC3 /* Release */,
			);
			defaultConfigurationIsVisible = 0;
			defaultConfigurationName = Release;
		};
		C523C16128E70D8D00A41EC3 /* Build configuration list for PBXNativeTarget "IBSTask" */ = {
			isa = XCConfigurationList;
			buildConfigurations = (
				C523C16228E70D8D00A41EC3 /* Debug */,
				C523C16328E70D8D00A41EC3 /* Release */,
			);
			defaultConfigurationIsVisible = 0;
			defaultConfigurationName = Release;
		};
		C523C16428E70D8D00A41EC3 /* Build configuration list for PBXNativeTarget "IBSTaskTests" */ = {
			isa = XCConfigurationList;
			buildConfigurations = (
				C523C16528E70D8D00A41EC3 /* Debug */,
				C523C16628E70D8D00A41EC3 /* Release */,
			);
			defaultConfigurationIsVisible = 0;
			defaultConfigurationName = Release;
		};
		C523C16728E70D8D00A41EC3 /* Build configuration list for PBXNativeTarget "IBSTaskUITests" */ = {
			isa = XCConfigurationList;
			buildConfigurations = (
				C523C16828E70D8D00A41EC3 /* Debug */,
				C523C16928E70D8D00A41EC3 /* Release */,
			);
			defaultConfigurationIsVisible = 0;
			defaultConfigurationName = Release;
		};
/* End XCConfigurationList section */

/* Begin XCRemoteSwiftPackageReference section */
		C575BD4828F4074A00C5B822 /* XCRemoteSwiftPackageReference "SDWebImageSwiftUI" */ = {
			isa = XCRemoteSwiftPackageReference;
			repositoryURL = "https://github.com/SDWebImage/SDWebImageSwiftUI.git";
			requirement = {
				branch = master;
				kind = branch;
			};
		};
/* End XCRemoteSwiftPackageReference section */

/* Begin XCSwiftPackageProductDependency section */
		C575BD4928F4074A00C5B822 /* SDWebImageSwiftUI */ = {
			isa = XCSwiftPackageProductDependency;
			package = C575BD4828F4074A00C5B822 /* XCRemoteSwiftPackageReference "SDWebImageSwiftUI" */;
			productName = SDWebImageSwiftUI;
		};
/* End XCSwiftPackageProductDependency section */
	};
	rootObject = C523C13528E70D8900A41EC3 /* Project object */;
}
